// !$*UTF8*$!
{
	archiveVersion = 1;
	classes = {
	};
	objectVersion = 50;
	objects = {

/* Begin PBXBuildFile section */
		4C567DFC25F67702004543F7 /* FlashKata.swift in Sources */ = {isa = PBXBuildFile; fileRef = 4C567DFB25F67702004543F7 /* FlashKata.swift */; };
		4C567DFD25F67702004543F7 /* FlashKata.swift in Sources */ = {isa = PBXBuildFile; fileRef = 4C567DFB25F67702004543F7 /* FlashKata.swift */; };
		4C567E0125F6770D004543F7 /* FlashCard.swift in Sources */ = {isa = PBXBuildFile; fileRef = 4C567E0025F6770D004543F7 /* FlashCard.swift */; };
		4C567E0225F6770D004543F7 /* FlashCard.swift in Sources */ = {isa = PBXBuildFile; fileRef = 4C567E0025F6770D004543F7 /* FlashCard.swift */; };
		4C567E0825F67727004543F7 /* User.swift in Sources */ = {isa = PBXBuildFile; fileRef = 4C567E0725F67727004543F7 /* User.swift */; };
		4C567E0925F67727004543F7 /* User.swift in Sources */ = {isa = PBXBuildFile; fileRef = 4C567E0725F67727004543F7 /* User.swift */; };
		4C567E0D25F6773C004543F7 /* MockUser.swift in Sources */ = {isa = PBXBuildFile; fileRef = 4C567E0C25F6773C004543F7 /* MockUser.swift */; };
		4C735DF125EEFBDC00B0DB04 /* main.swift in Sources */ = {isa = PBXBuildFile; fileRef = 4C735DF025EEFBDC00B0DB04 /* main.swift */; };
		4C735E0F25EEFC5C00B0DB04 /* FlashKataTests.swift in Sources */ = {isa = PBXBuildFile; fileRef = 4C735E0E25EEFC5C00B0DB04 /* FlashKataTests.swift */; };
/* End PBXBuildFile section */

/* Begin PBXCopyFilesBuildPhase section */
		4C735DEB25EEFBDC00B0DB04 /* CopyFiles */ = {
			isa = PBXCopyFilesBuildPhase;
			buildActionMask = 2147483647;
			dstPath = /usr/share/man/man1/;
			dstSubfolderSpec = 0;
			files = (
			);
			runOnlyForDeploymentPostprocessing = 1;
		};
/* End PBXCopyFilesBuildPhase section */

/* Begin PBXFileReference section */
		4C567DFB25F67702004543F7 /* FlashKata.swift */ = {isa = PBXFileReference; lastKnownFileType = sourcecode.swift; path = FlashKata.swift; sourceTree = "<group>"; };
		4C567E0025F6770D004543F7 /* FlashCard.swift */ = {isa = PBXFileReference; lastKnownFileType = sourcecode.swift; path = FlashCard.swift; sourceTree = "<group>"; };
		4C567E0725F67727004543F7 /* User.swift */ = {isa = PBXFileReference; lastKnownFileType = sourcecode.swift; path = User.swift; sourceTree = "<group>"; };
		4C567E0C25F6773C004543F7 /* MockUser.swift */ = {isa = PBXFileReference; lastKnownFileType = sourcecode.swift; path = MockUser.swift; sourceTree = "<group>"; };
		4C735DED25EEFBDC00B0DB04 /* FlashKata */ = {isa = PBXFileReference; explicitFileType = "compiled.mach-o.executable"; includeInIndex = 0; path = FlashKata; sourceTree = BUILT_PRODUCTS_DIR; };
		4C735DF025EEFBDC00B0DB04 /* main.swift */ = {isa = PBXFileReference; lastKnownFileType = sourcecode.swift; path = main.swift; sourceTree = "<group>"; };
		4C735DFC25EEFBED00B0DB04 /* FlashKataTests.xctest */ = {isa = PBXFileReference; explicitFileType = wrapper.cfbundle; includeInIndex = 0; path = FlashKataTests.xctest; sourceTree = BUILT_PRODUCTS_DIR; };
		4C735E0025EEFBED00B0DB04 /* Info.plist */ = {isa = PBXFileReference; lastKnownFileType = text.plist.xml; path = Info.plist; sourceTree = "<group>"; };
		4C735E0E25EEFC5C00B0DB04 /* FlashKataTests.swift */ = {isa = PBXFileReference; fileEncoding = 4; lastKnownFileType = sourcecode.swift; path = FlashKataTests.swift; sourceTree = "<group>"; };
		4C735E1E25EFDF7C00B0DB04 /* README.md */ = {isa = PBXFileReference; fileEncoding = 4; lastKnownFileType = net.daringfireball.markdown; path = README.md; sourceTree = "<group>"; };
/* End PBXFileReference section */

/* Begin PBXFrameworksBuildPhase section */
		4C735DEA25EEFBDC00B0DB04 /* Frameworks */ = {
			isa = PBXFrameworksBuildPhase;
			buildActionMask = 2147483647;
			files = (
			);
			runOnlyForDeploymentPostprocessing = 0;
		};
		4C735DF925EEFBED00B0DB04 /* Frameworks */ = {
			isa = PBXFrameworksBuildPhase;
			buildActionMask = 2147483647;
			files = (
			);
			runOnlyForDeploymentPostprocessing = 0;
		};
/* End PBXFrameworksBuildPhase section */

/* Begin PBXGroup section */
		4C735DE425EEFBDC00B0DB04 = {
			isa = PBXGroup;
			children = (
				4C735E1E25EFDF7C00B0DB04 /* README.md */,
				4C735DEF25EEFBDC00B0DB04 /* FlashKata */,
				4C735DFD25EEFBED00B0DB04 /* FlashKataTests */,
				4C735DEE25EEFBDC00B0DB04 /* Products */,
			);
			sourceTree = "<group>";
		};
		4C735DEE25EEFBDC00B0DB04 /* Products */ = {
			isa = PBXGroup;
			children = (
				4C735DED25EEFBDC00B0DB04 /* FlashKata */,
				4C735DFC25EEFBED00B0DB04 /* FlashKataTests.xctest */,
			);
			name = Products;
			sourceTree = "<group>";
		};
		4C735DEF25EEFBDC00B0DB04 /* FlashKata */ = {
			isa = PBXGroup;
			children = (
				4C735DF025EEFBDC00B0DB04 /* main.swift */,
				4C567E0025F6770D004543F7 /* FlashCard.swift */,
				4C567DFB25F67702004543F7 /* FlashKata.swift */,
				4C567E0725F67727004543F7 /* User.swift */,
			);
			path = FlashKata;
			sourceTree = "<group>";
		};
		4C735DFD25EEFBED00B0DB04 /* FlashKataTests */ = {
			isa = PBXGroup;
			children = (
				4C735E0E25EEFC5C00B0DB04 /* FlashKataTests.swift */,
				4C735E0025EEFBED00B0DB04 /* Info.plist */,
				4C567E0C25F6773C004543F7 /* MockUser.swift */,
			);
			path = FlashKataTests;
			sourceTree = "<group>";
		};
/* End PBXGroup section */

/* Begin PBXNativeTarget section */
		4C735DEC25EEFBDC00B0DB04 /* FlashKata */ = {
			isa = PBXNativeTarget;
			buildConfigurationList = 4C735DF425EEFBDC00B0DB04 /* Build configuration list for PBXNativeTarget "FlashKata" */;
			buildPhases = (
				4C735DE925EEFBDC00B0DB04 /* Sources */,
				4C735DEA25EEFBDC00B0DB04 /* Frameworks */,
				4C735DEB25EEFBDC00B0DB04 /* CopyFiles */,
			);
			buildRules = (
			);
			dependencies = (
			);
			name = FlashKata;
			productName = FlashKata;
			productReference = 4C735DED25EEFBDC00B0DB04 /* FlashKata */;
			productType = "com.apple.product-type.tool";
		};
		4C735DFB25EEFBED00B0DB04 /* FlashKataTests */ = {
			isa = PBXNativeTarget;
			buildConfigurationList = 4C735E0125EEFBED00B0DB04 /* Build configuration list for PBXNativeTarget "FlashKataTests" */;
			buildPhases = (
				4C735DF825EEFBED00B0DB04 /* Sources */,
				4C735DF925EEFBED00B0DB04 /* Frameworks */,
				4C735DFA25EEFBED00B0DB04 /* Resources */,
			);
			buildRules = (
			);
			dependencies = (
			);
			name = FlashKataTests;
			productName = FlashKataTests;
			productReference = 4C735DFC25EEFBED00B0DB04 /* FlashKataTests.xctest */;
			productType = "com.apple.product-type.bundle.unit-test";
		};
/* End PBXNativeTarget section */

/* Begin PBXProject section */
		4C735DE525EEFBDC00B0DB04 /* Project object */ = {
			isa = PBXProject;
			attributes = {
				LastSwiftUpdateCheck = 1240;
				LastUpgradeCheck = 1240;
				TargetAttributes = {
					4C735DEC25EEFBDC00B0DB04 = {
						CreatedOnToolsVersion = 12.4;
					};
					4C735DFB25EEFBED00B0DB04 = {
						CreatedOnToolsVersion = 12.4;
						LastSwiftMigration = 1240;
					};
				};
			};
			buildConfigurationList = 4C735DE825EEFBDC00B0DB04 /* Build configuration list for PBXProject "FlashKata" */;
			compatibilityVersion = "Xcode 9.3";
			developmentRegion = en;
			hasScannedForEncodings = 0;
			knownRegions = (
				en,
				Base,
			);
			mainGroup = 4C735DE425EEFBDC00B0DB04;
			productRefGroup = 4C735DEE25EEFBDC00B0DB04 /* Products */;
			projectDirPath = "";
			projectRoot = "";
			targets = (
				4C735DEC25EEFBDC00B0DB04 /* FlashKata */,
				4C735DFB25EEFBED00B0DB04 /* FlashKataTests */,
			);
		};
/* End PBXProject section */

/* Begin PBXResourcesBuildPhase section */
		4C735DFA25EEFBED00B0DB04 /* Resources */ = {
			isa = PBXResourcesBuildPhase;
			buildActionMask = 2147483647;
			files = (
			);
			runOnlyForDeploymentPostprocessing = 0;
		};
/* End PBXResourcesBuildPhase section */

/* Begin PBXSourcesBuildPhase section */
		4C735DE925EEFBDC00B0DB04 /* Sources */ = {
			isa = PBXSourcesBuildPhase;
			buildActionMask = 2147483647;
			files = (
				4C567E0825F67727004543F7 /* User.swift in Sources */,
				4C735DF125EEFBDC00B0DB04 /* main.swift in Sources */,
				4C567E0125F6770D004543F7 /* FlashCard.swift in Sources */,
				4C567DFC25F67702004543F7 /* FlashKata.swift in Sources */,
			);
			runOnlyForDeploymentPostprocessing = 0;
		};
		4C735DF825EEFBED00B0DB04 /* Sources */ = {
			isa = PBXSourcesBuildPhase;
			buildActionMask = 2147483647;
			files = (
				4C567E0D25F6773C004543F7 /* MockUser.swift in Sources */,
				4C567E0925F67727004543F7 /* User.swift in Sources */,
				4C735E0F25EEFC5C00B0DB04 /* FlashKataTests.swift in Sources */,
				4C567E0225F6770D004543F7 /* FlashCard.swift in Sources */,
				4C567DFD25F67702004543F7 /* FlashKata.swift in Sources */,
			);
			runOnlyForDeploymentPostprocessing = 0;
		};
/* End PBXSourcesBuildPhase section */

/* Begin XCBuildConfiguration section */
		4C735DF225EEFBDC00B0DB04 /* Debug */ = {
			isa = XCBuildConfiguration;
			buildSettings = {
				ALWAYS_SEARCH_USER_PATHS = NO;
				CLANG_ANALYZER_NONNULL = YES;
				CLANG_ANALYZER_NUMBER_OBJECT_CONVERSION = YES_AGGRESSIVE;
				CLANG_CXX_LANGUAGE_STANDARD = "gnu++14";
				CLANG_CXX_LIBRARY = "libc++";
				CLANG_ENABLE_MODULES = YES;
				CLANG_ENABLE_OBJC_ARC = YES;
				CLANG_ENABLE_OBJC_WEAK = YES;
				CLANG_WARN_BLOCK_CAPTURE_AUTORELEASING = YES;
				CLANG_WARN_BOOL_CONVERSION = YES;
				CLANG_WARN_COMMA = YES;
				CLANG_WARN_CONSTANT_CONVERSION = YES;
				CLANG_WARN_DEPRECATED_OBJC_IMPLEMENTATIONS = YES;
				CLANG_WARN_DIRECT_OBJC_ISA_USAGE = YES_ERROR;
				CLANG_WARN_DOCUMENTATION_COMMENTS = YES;
				CLANG_WARN_EMPTY_BODY = YES;
				CLANG_WARN_ENUM_CONVERSION = YES;
				CLANG_WARN_INFINITE_RECURSION = YES;
				CLANG_WARN_INT_CONVERSION = YES;
				CLANG_WARN_NON_LITERAL_NULL_CONVERSION = YES;
				CLANG_WARN_OBJC_IMPLICIT_RETAIN_SELF = YES;
				CLANG_WARN_OBJC_LITERAL_CONVERSION = YES;
				CLANG_WARN_OBJC_ROOT_CLASS = YES_ERROR;
				CLANG_WARN_QUOTED_INCLUDE_IN_FRAMEWORK_HEADER = YES;
				CLANG_WARN_RANGE_LOOP_ANALYSIS = YES;
				CLANG_WARN_STRICT_PROTOTYPES = YES;
				CLANG_WARN_SUSPICIOUS_MOVE = YES;
				CLANG_WARN_UNGUARDED_AVAILABILITY = YES_AGGRESSIVE;
				CLANG_WARN_UNREACHABLE_CODE = YES;
				CLANG_WARN__DUPLICATE_METHOD_MATCH = YES;
				COPY_PHASE_STRIP = NO;
				DEBUG_INFORMATION_FORMAT = dwarf;
				ENABLE_STRICT_OBJC_MSGSEND = YES;
				ENABLE_TESTABILITY = YES;
				GCC_C_LANGUAGE_STANDARD = gnu11;
				GCC_DYNAMIC_NO_PIC = NO;
				GCC_NO_COMMON_BLOCKS = YES;
				GCC_OPTIMIZATION_LEVEL = 0;
				GCC_PREPROCESSOR_DEFINITIONS = (
					"DEBUG=1",
					"$(inherited)",
				);
				GCC_WARN_64_TO_32_BIT_CONVERSION = YES;
				GCC_WARN_ABOUT_RETURN_TYPE = YES_ERROR;
				GCC_WARN_UNDECLARED_SELECTOR = YES;
				GCC_WARN_UNINITIALIZED_AUTOS = YES_AGGRESSIVE;
				GCC_WARN_UNUSED_FUNCTION = YES;
				GCC_WARN_UNUSED_VARIABLE = YES;
				MACOSX_DEPLOYMENT_TARGET = 11.1;
				MTL_ENABLE_DEBUG_INFO = INCLUDE_SOURCE;
				MTL_FAST_MATH = YES;
				ONLY_ACTIVE_ARCH = YES;
				SDKROOT = macosx;
				SWIFT_ACTIVE_COMPILATION_CONDITIONS = DEBUG;
				SWIFT_OPTIMIZATION_LEVEL = "-Onone";
			};
			name = Debug;
		};
		4C735DF325EEFBDC00B0DB04 /* Release */ = {
			isa = XCBuildConfiguration;
			buildSettings = {
				ALWAYS_SEARCH_USER_PATHS = NO;
				CLANG_ANALYZER_NONNULL = YES;
				CLANG_ANALYZER_NUMBER_OBJECT_CONVERSION = YES_AGGRESSIVE;
				CLANG_CXX_LANGUAGE_STANDARD = "gnu++14";
				CLANG_CXX_LIBRARY = "libc++";
				CLANG_ENABLE_MODULES = YES;
				CLANG_ENABLE_OBJC_ARC = YES;
				CLANG_ENABLE_OBJC_WEAK = YES;
				CLANG_WARN_BLOCK_CAPTURE_AUTORELEASING = YES;
				CLANG_WARN_BOOL_CONVERSION = YES;
				CLANG_WARN_COMMA = YES;
				CLANG_WARN_CONSTANT_CONVERSION = YES;
				CLANG_WARN_DEPRECATED_OBJC_IMPLEMENTATIONS = YES;
				CLANG_WARN_DIRECT_OBJC_ISA_USAGE = YES_ERROR;
				CLANG_WARN_DOCUMENTATION_COMMENTS = YES;
				CLANG_WARN_EMPTY_BODY = YES;
				CLANG_WARN_ENUM_CONVERSION = YES;
				CLANG_WARN_INFINITE_RECURSION = YES;
				CLANG_WARN_INT_CONVERSION = YES;
				CLANG_WARN_NON_LITERAL_NULL_CONVERSION = YES;
				CLANG_WARN_OBJC_IMPLICIT_RETAIN_SELF = YES;
				CLANG_WARN_OBJC_LITERAL_CONVERSION = YES;
				CLANG_WARN_OBJC_ROOT_CLASS = YES_ERROR;
				CLANG_WARN_QUOTED_INCLUDE_IN_FRAMEWORK_HEADER = YES;
				CLANG_WARN_RANGE_LOOP_ANALYSIS = YES;
				CLANG_WARN_STRICT_PROTOTYPES = YES;
				CLANG_WARN_SUSPICIOUS_MOVE = YES;
				CLANG_WARN_UNGUARDED_AVAILABILITY = YES_AGGRESSIVE;
				CLANG_WARN_UNREACHABLE_CODE = YES;
				CLANG_WARN__DUPLICATE_METHOD_MATCH = YES;
				COPY_PHASE_STRIP = NO;
				DEBUG_INFORMATION_FORMAT = "dwarf-with-dsym";
				ENABLE_NS_ASSERTIONS = NO;
				ENABLE_STRICT_OBJC_MSGSEND = YES;
				GCC_C_LANGUAGE_STANDARD = gnu11;
				GCC_NO_COMMON_BLOCKS = YES;
				GCC_WARN_64_TO_32_BIT_CONVERSION = YES;
				GCC_WARN_ABOUT_RETURN_TYPE = YES_ERROR;
				GCC_WARN_UNDECLARED_SELECTOR = YES;
				GCC_WARN_UNINITIALIZED_AUTOS = YES_AGGRESSIVE;
				GCC_WARN_UNUSED_FUNCTION = YES;
				GCC_WARN_UNUSED_VARIABLE = YES;
				MACOSX_DEPLOYMENT_TARGET = 11.1;
				MTL_ENABLE_DEBUG_INFO = NO;
				MTL_FAST_MATH = YES;
				SDKROOT = macosx;
				SWIFT_COMPILATION_MODE = wholemodule;
				SWIFT_OPTIMIZATION_LEVEL = "-O";
			};
			name = Release;
		};
		4C735DF525EEFBDC00B0DB04 /* Debug */ = {
			isa = XCBuildConfiguration;
			buildSettings = {
				CODE_SIGN_STYLE = Automatic;
				DEVELOPMENT_TEAM = CY96495443;
				ENABLE_HARDENED_RUNTIME = YES;
				PRODUCT_NAME = "$(TARGET_NAME)";
				SWIFT_VERSION = 5.0;
			};
			name = Debug;
		};
		4C735DF625EEFBDC00B0DB04 /* Release */ = {
			isa = XCBuildConfiguration;
			buildSettings = {
				CODE_SIGN_STYLE = Automatic;
				DEVELOPMENT_TEAM = CY96495443;
				ENABLE_HARDENED_RUNTIME = YES;
				PRODUCT_NAME = "$(TARGET_NAME)";
				SWIFT_VERSION = 5.0;
			};
			name = Release;
		};
		4C735E0225EEFBED00B0DB04 /* Debug */ = {
			isa = XCBuildConfiguration;
			buildSettings = {
				CLANG_ENABLE_MODULES = YES;
				CODE_SIGN_STYLE = Automatic;
				COMBINE_HIDPI_IMAGES = YES;
				DEVELOPMENT_TEAM = CY96495443;
				INFOPLIST_FILE = FlashKataTests/Info.plist;
				LD_RUNPATH_SEARCH_PATHS = (
					"$(inherited)",
					"@executable_path/../Frameworks",
					"@loader_path/../Frameworks",
				);
				PRODUCT_BUNDLE_IDENTIFIER = ca.charland.FlashKataTests;
				PRODUCT_NAME = "$(TARGET_NAME)";
				SWIFT_OPTIMIZATION_LEVEL = "-Onone";
				SWIFT_VERSION = 5.0;
			};
			name = Debug;
		};
		4C735E0325EEFBED00B0DB04 /* Release */ = {
			isa = XCBuildConfiguration;
			buildSettings = {
				CLANG_ENABLE_MODULES = YES;
				CODE_SIGN_STYLE = Automatic;
				COMBINE_HIDPI_IMAGES = YES;
				DEVELOPMENT_TEAM = CY96495443;
				INFOPLIST_FILE = FlashKataTests/Info.plist;
				LD_RUNPATH_SEARCH_PATHS = (
					"$(inherited)",
					"@executable_path/../Frameworks",
					"@loader_path/../Frameworks",
				);
				PRODUCT_BUNDLE_IDENTIFIER = ca.charland.FlashKataTests;
				PRODUCT_NAME = "$(TARGET_NAME)";
				SWIFT_VERSION = 5.0;
			};
			name = Release;
		};
/* End XCBuildConfiguration section */

/* Begin XCConfigurationList section */
		4C735DE825EEFBDC00B0DB04 /* Build configuration list for PBXProject "FlashKata" */ = {
			isa = XCConfigurationList;
			buildConfigurations = (
				4C735DF225EEFBDC00B0DB04 /* Debug */,
				4C735DF325EEFBDC00B0DB04 /* Release */,
			);
			defaultConfigurationIsVisible = 0;
			defaultConfigurationName = Release;
		};
		4C735DF425EEFBDC00B0DB04 /* Build configuration list for PBXNativeTarget "FlashKata" */ = {
			isa = XCConfigurationList;
			buildConfigurations = (
				4C735DF525EEFBDC00B0DB04 /* Debug */,
				4C735DF625EEFBDC00B0DB04 /* Release */,
			);
			defaultConfigurationIsVisible = 0;
			defaultConfigurationName = Release;
		};
		4C735E0125EEFBED00B0DB04 /* Build configuration list for PBXNativeTarget "FlashKataTests" */ = {
			isa = XCConfigurationList;
			buildConfigurations = (
				4C735E0225EEFBED00B0DB04 /* Debug */,
				4C735E0325EEFBED00B0DB04 /* Release */,
			);
			defaultConfigurationIsVisible = 0;
			defaultConfigurationName = Release;
		};
/* End XCConfigurationList section */
	};
	rootObject = 4C735DE525EEFBDC00B0DB04 /* Project object */;
}
