// !$*UTF8*$!
{
	archiveVersion = 1;
	classes = {
	};
	objectVersion = 46;
	objects = {

/* Begin PBXBuildFile section */
		4CD3C8141F1CC274003B8A0C /* AppDelegate.swift in Sources */ = {isa = PBXBuildFile; fileRef = 4CD3C8131F1CC274003B8A0C /* AppDelegate.swift */; };
		4CD3C8161F1CC274003B8A0C /* ViewController.swift in Sources */ = {isa = PBXBuildFile; fileRef = 4CD3C8151F1CC274003B8A0C /* ViewController.swift */; };
		4CD3C8191F1CC274003B8A0C /* Main.storyboard in Resources */ = {isa = PBXBuildFile; fileRef = 4CD3C8171F1CC274003B8A0C /* Main.storyboard */; };
		4CD3C81B1F1CC274003B8A0C /* Assets.xcassets in Resources */ = {isa = PBXBuildFile; fileRef = 4CD3C81A1F1CC274003B8A0C /* Assets.xcassets */; };
		4CD3C81E1F1CC274003B8A0C /* LaunchScreen.storyboard in Resources */ = {isa = PBXBuildFile; fileRef = 4CD3C81C1F1CC274003B8A0C /* LaunchScreen.storyboard */; };
		4CD3C8291F1CC274003B8A0C /* BowlingGameKataTests.swift in Sources */ = {isa = PBXBuildFile; fileRef = 4CD3C8281F1CC274003B8A0C /* BowlingGameKataTests.swift */; };
		4CD3C8341F1CC2A9003B8A0C /* BowlingGameKata.swift in Sources */ = {isa = PBXBuildFile; fileRef = 4CD3C8331F1CC2A9003B8A0C /* BowlingGameKata.swift */; };
/* End PBXBuildFile section */

/* Begin PBXContainerItemProxy section */
		4CD3C8251F1CC274003B8A0C /* PBXContainerItemProxy */ = {
			isa = PBXContainerItemProxy;
			containerPortal = 4CD3C8081F1CC274003B8A0C /* Project object */;
			proxyType = 1;
			remoteGlobalIDString = 4CD3C80F1F1CC274003B8A0C;
			remoteInfo = BowlingGameKata;
		};
/* End PBXContainerItemProxy section */

/* Begin PBXFileReference section */
		4CD3C8101F1CC274003B8A0C /* BowlingGameKata.app */ = {isa = PBXFileReference; explicitFileType = wrapper.application; includeInIndex = 0; path = BowlingGameKata.app; sourceTree = BUILT_PRODUCTS_DIR; };
		4CD3C8131F1CC274003B8A0C /* AppDelegate.swift */ = {isa = PBXFileReference; lastKnownFileType = sourcecode.swift; path = AppDelegate.swift; sourceTree = "<group>"; };
		4CD3C8151F1CC274003B8A0C /* ViewController.swift */ = {isa = PBXFileReference; lastKnownFileType = sourcecode.swift; path = ViewController.swift; sourceTree = "<group>"; };
		4CD3C8181F1CC274003B8A0C /* Base */ = {isa = PBXFileReference; lastKnownFileType = file.storyboard; name = Base; path = Base.lproj/Main.storyboard; sourceTree = "<group>"; };
		4CD3C81A1F1CC274003B8A0C /* Assets.xcassets */ = {isa = PBXFileReference; lastKnownFileType = folder.assetcatalog; path = Assets.xcassets; sourceTree = "<group>"; };
		4CD3C81D1F1CC274003B8A0C /* Base */ = {isa = PBXFileReference; lastKnownFileType = file.storyboard; name = Base; path = Base.lproj/LaunchScreen.storyboard; sourceTree = "<group>"; };
		4CD3C81F1F1CC274003B8A0C /* Info.plist */ = {isa = PBXFileReference; lastKnownFileType = text.plist.xml; path = Info.plist; sourceTree = "<group>"; };
		4CD3C8241F1CC274003B8A0C /* BowlingGameKataTests.xctest */ = {isa = PBXFileReference; explicitFileType = wrapper.cfbundle; includeInIndex = 0; path = BowlingGameKataTests.xctest; sourceTree = BUILT_PRODUCTS_DIR; };
		4CD3C8281F1CC274003B8A0C /* BowlingGameKataTests.swift */ = {isa = PBXFileReference; lastKnownFileType = sourcecode.swift; path = BowlingGameKataTests.swift; sourceTree = "<group>"; };
		4CD3C82A1F1CC274003B8A0C /* Info.plist */ = {isa = PBXFileReference; lastKnownFileType = text.plist.xml; path = Info.plist; sourceTree = "<group>"; };
		4CD3C8331F1CC2A9003B8A0C /* BowlingGameKata.swift */ = {isa = PBXFileReference; fileEncoding = 4; lastKnownFileType = sourcecode.swift; path = BowlingGameKata.swift; sourceTree = "<group>"; };
/* End PBXFileReference section */

/* Begin PBXFrameworksBuildPhase section */
		4CD3C80D1F1CC274003B8A0C /* Frameworks */ = {
			isa = PBXFrameworksBuildPhase;
			buildActionMask = 2147483647;
			files = (
			);
			runOnlyForDeploymentPostprocessing = 0;
		};
		4CD3C8211F1CC274003B8A0C /* Frameworks */ = {
			isa = PBXFrameworksBuildPhase;
			buildActionMask = 2147483647;
			files = (
			);
			runOnlyForDeploymentPostprocessing = 0;
		};
/* End PBXFrameworksBuildPhase section */

/* Begin PBXGroup section */
		4CD3C8071F1CC274003B8A0C = {
			isa = PBXGroup;
			children = (
				4CD3C8121F1CC274003B8A0C /* BowlingGameKata */,
				4CD3C8271F1CC274003B8A0C /* BowlingGameKataTests */,
				4CD3C8111F1CC274003B8A0C /* Products */,
			);
			sourceTree = "<group>";
		};
		4CD3C8111F1CC274003B8A0C /* Products */ = {
			isa = PBXGroup;
			children = (
				4CD3C8101F1CC274003B8A0C /* BowlingGameKata.app */,
				4CD3C8241F1CC274003B8A0C /* BowlingGameKataTests.xctest */,
			);
			name = Products;
			sourceTree = "<group>";
		};
		4CD3C8121F1CC274003B8A0C /* BowlingGameKata */ = {
			isa = PBXGroup;
			children = (
				4CD3C8131F1CC274003B8A0C /* AppDelegate.swift */,
				4CD3C8151F1CC274003B8A0C /* ViewController.swift */,
				4CD3C8171F1CC274003B8A0C /* Main.storyboard */,
				4CD3C81A1F1CC274003B8A0C /* Assets.xcassets */,
				4CD3C81C1F1CC274003B8A0C /* LaunchScreen.storyboard */,
				4CD3C81F1F1CC274003B8A0C /* Info.plist */,
				4CD3C8331F1CC2A9003B8A0C /* BowlingGameKata.swift */,
			);
			path = BowlingGameKata;
			sourceTree = "<group>";
		};
		4CD3C8271F1CC274003B8A0C /* BowlingGameKataTests */ = {
			isa = PBXGroup;
			children = (
				4CD3C8281F1CC274003B8A0C /* BowlingGameKataTests.swift */,
				4CD3C82A1F1CC274003B8A0C /* Info.plist */,
			);
			path = BowlingGameKataTests;
			sourceTree = "<group>";
		};
/* End PBXGroup section */

/* Begin PBXNativeTarget section */
		4CD3C80F1F1CC274003B8A0C /* BowlingGameKata */ = {
			isa = PBXNativeTarget;
			buildConfigurationList = 4CD3C82D1F1CC274003B8A0C /* Build configuration list for PBXNativeTarget "BowlingGameKata" */;
			buildPhases = (
				4CD3C80C1F1CC274003B8A0C /* Sources */,
				4CD3C80D1F1CC274003B8A0C /* Frameworks */,
				4CD3C80E1F1CC274003B8A0C /* Resources */,
			);
			buildRules = (
			);
			dependencies = (
			);
			name = BowlingGameKata;
			productName = BowlingGameKata;
			productReference = 4CD3C8101F1CC274003B8A0C /* BowlingGameKata.app */;
			productType = "com.apple.product-type.application";
		};
		4CD3C8231F1CC274003B8A0C /* BowlingGameKataTests */ = {
			isa = PBXNativeTarget;
			buildConfigurationList = 4CD3C8301F1CC274003B8A0C /* Build configuration list for PBXNativeTarget "BowlingGameKataTests" */;
			buildPhases = (
				4CD3C8201F1CC274003B8A0C /* Sources */,
				4CD3C8211F1CC274003B8A0C /* Frameworks */,
				4CD3C8221F1CC274003B8A0C /* Resources */,
			);
			buildRules = (
			);
			dependencies = (
				4CD3C8261F1CC274003B8A0C /* PBXTargetDependency */,
			);
			name = BowlingGameKataTests;
			productName = BowlingGameKataTests;
			productReference = 4CD3C8241F1CC274003B8A0C /* BowlingGameKataTests.xctest */;
			productType = "com.apple.product-type.bundle.unit-test";
		};
/* End PBXNativeTarget section */

/* Begin PBXProject section */
		4CD3C8081F1CC274003B8A0C /* Project object */ = {
			isa = PBXProject;
			attributes = {
				LastSwiftUpdateCheck = 0830;
				LastUpgradeCheck = 0830;
				ORGANIZATIONNAME = charland;
				TargetAttributes = {
					4CD3C80F1F1CC274003B8A0C = {
						CreatedOnToolsVersion = 8.3.3;
						DevelopmentTeam = CY96495443;
						ProvisioningStyle = Automatic;
					};
					4CD3C8231F1CC274003B8A0C = {
						CreatedOnToolsVersion = 8.3.3;
						DevelopmentTeam = CY96495443;
						ProvisioningStyle = Automatic;
						TestTargetID = 4CD3C80F1F1CC274003B8A0C;
					};
				};
			};
			buildConfigurationList = 4CD3C80B1F1CC274003B8A0C /* Build configuration list for PBXProject "BowlingGameKata" */;
			compatibilityVersion = "Xcode 3.2";
			developmentRegion = English;
			hasScannedForEncodings = 0;
			knownRegions = (
				en,
				Base,
			);
			mainGroup = 4CD3C8071F1CC274003B8A0C;
			productRefGroup = 4CD3C8111F1CC274003B8A0C /* Products */;
			projectDirPath = "";
			projectRoot = "";
			targets = (
				4CD3C80F1F1CC274003B8A0C /* BowlingGameKata */,
				4CD3C8231F1CC274003B8A0C /* BowlingGameKataTests */,
			);
		};
/* End PBXProject section */

/* Begin PBXResourcesBuildPhase section */
		4CD3C80E1F1CC274003B8A0C /* Resources */ = {
			isa = PBXResourcesBuildPhase;
			buildActionMask = 2147483647;
			files = (
				4CD3C81E1F1CC274003B8A0C /* LaunchScreen.storyboard in Resources */,
				4CD3C81B1F1CC274003B8A0C /* Assets.xcassets in Resources */,
				4CD3C8191F1CC274003B8A0C /* Main.storyboard in Resources */,
			);
			runOnlyForDeploymentPostprocessing = 0;
		};
		4CD3C8221F1CC274003B8A0C /* Resources */ = {
			isa = PBXResourcesBuildPhase;
			buildActionMask = 2147483647;
			files = (
			);
			runOnlyForDeploymentPostprocessing = 0;
		};
/* End PBXResourcesBuildPhase section */

/* Begin PBXSourcesBuildPhase section */
		4CD3C80C1F1CC274003B8A0C /* Sources */ = {
			isa = PBXSourcesBuildPhase;
			buildActionMask = 2147483647;
			files = (
				4CD3C8341F1CC2A9003B8A0C /* BowlingGameKata.swift in Sources */,
				4CD3C8161F1CC274003B8A0C /* ViewController.swift in Sources */,
				4CD3C8141F1CC274003B8A0C /* AppDelegate.swift in Sources */,
			);
			runOnlyForDeploymentPostprocessing = 0;
		};
		4CD3C8201F1CC274003B8A0C /* Sources */ = {
			isa = PBXSourcesBuildPhase;
			buildActionMask = 2147483647;
			files = (
				4CD3C8291F1CC274003B8A0C /* BowlingGameKataTests.swift in Sources */,
			);
			runOnlyForDeploymentPostprocessing = 0;
		};
/* End PBXSourcesBuildPhase section */

/* Begin PBXTargetDependency section */
		4CD3C8261F1CC274003B8A0C /* PBXTargetDependency */ = {
			isa = PBXTargetDependency;
			target = 4CD3C80F1F1CC274003B8A0C /* BowlingGameKata */;
			targetProxy = 4CD3C8251F1CC274003B8A0C /* PBXContainerItemProxy */;
		};
/* End PBXTargetDependency section */

/* Begin PBXVariantGroup section */
		4CD3C8171F1CC274003B8A0C /* Main.storyboard */ = {
			isa = PBXVariantGroup;
			children = (
				4CD3C8181F1CC274003B8A0C /* Base */,
			);
			name = Main.storyboard;
			sourceTree = "<group>";
		};
		4CD3C81C1F1CC274003B8A0C /* LaunchScreen.storyboard */ = {
			isa = PBXVariantGroup;
			children = (
				4CD3C81D1F1CC274003B8A0C /* Base */,
			);
			name = LaunchScreen.storyboard;
			sourceTree = "<group>";
		};
/* End PBXVariantGroup section */

/* Begin XCBuildConfiguration section */
		4CD3C82B1F1CC274003B8A0C /* Debug */ = {
			isa = XCBuildConfiguration;
			buildSettings = {
				ALWAYS_SEARCH_USER_PATHS = NO;
				CLANG_ANALYZER_NONNULL = YES;
				CLANG_ANALYZER_NUMBER_OBJECT_CONVERSION = YES_AGGRESSIVE;
				CLANG_CXX_LANGUAGE_STANDARD = "gnu++0x";
				CLANG_CXX_LIBRARY = "libc++";
				CLANG_ENABLE_MODULES = YES;
				CLANG_ENABLE_OBJC_ARC = YES;
				CLANG_WARN_BOOL_CONVERSION = YES;
				CLANG_WARN_CONSTANT_CONVERSION = YES;
				CLANG_WARN_DIRECT_OBJC_ISA_USAGE = YES_ERROR;
				CLANG_WARN_DOCUMENTATION_COMMENTS = YES;
				CLANG_WARN_EMPTY_BODY = YES;
				CLANG_WARN_ENUM_CONVERSION = YES;
				CLANG_WARN_INFINITE_RECURSION = YES;
				CLANG_WARN_INT_CONVERSION = YES;
				CLANG_WARN_OBJC_ROOT_CLASS = YES_ERROR;
				CLANG_WARN_SUSPICIOUS_MOVE = YES;
				CLANG_WARN_UNREACHABLE_CODE = YES;
				CLANG_WARN__DUPLICATE_METHOD_MATCH = YES;
				"CODE_SIGN_IDENTITY[sdk=iphoneos*]" = "iPhone Developer";
				COPY_PHASE_STRIP = NO;
				DEBUG_INFORMATION_FORMAT = dwarf;
				ENABLE_STRICT_OBJC_MSGSEND = YES;
				ENABLE_TESTABILITY = YES;
				GCC_C_LANGUAGE_STANDARD = gnu99;
				GCC_DYNAMIC_NO_PIC = NO;
				GCC_NO_COMMON_BLOCKS = YES;
				GCC_OPTIMIZATION_LEVEL = 0;
				GCC_PREPROCESSOR_DEFINITIONS = (
					"DEBUG=1",
					"$(inherited)",
				);
				GCC_WARN_64_TO_32_BIT_CONVERSION = YES;
				GCC_WARN_ABOUT_RETURN_TYPE = YES_ERROR;
				GCC_WARN_UNDECLARED_SELECTOR = YES;
				GCC_WARN_UNINITIALIZED_AUTOS = YES_AGGRESSIVE;
				GCC_WARN_UNUSED_FUNCTION = YES;
				GCC_WARN_UNUSED_VARIABLE = YES;
				IPHONEOS_DEPLOYMENT_TARGET = 10.3;
				MTL_ENABLE_DEBUG_INFO = YES;
				ONLY_ACTIVE_ARCH = YES;
				SDKROOT = iphoneos;
				SWIFT_ACTIVE_COMPILATION_CONDITIONS = DEBUG;
				SWIFT_OPTIMIZATION_LEVEL = "-Onone";
			};
			name = Debug;
		};
		4CD3C82C1F1CC274003B8A0C /* Release */ = {
			isa = XCBuildConfiguration;
			buildSettings = {
				ALWAYS_SEARCH_USER_PATHS = NO;
				CLANG_ANALYZER_NONNULL = YES;
				CLANG_ANALYZER_NUMBER_OBJECT_CONVERSION = YES_AGGRESSIVE;
				CLANG_CXX_LANGUAGE_STANDARD = "gnu++0x";
				CLANG_CXX_LIBRARY = "libc++";
				CLANG_ENABLE_MODULES = YES;
				CLANG_ENABLE_OBJC_ARC = YES;
				CLANG_WARN_BOOL_CONVERSION = YES;
				CLANG_WARN_CONSTANT_CONVERSION = YES;
				CLANG_WARN_DIRECT_OBJC_ISA_USAGE = YES_ERROR;
				CLANG_WARN_DOCUMENTATION_COMMENTS = YES;
				CLANG_WARN_EMPTY_BODY = YES;
				CLANG_WARN_ENUM_CONVERSION = YES;
				CLANG_WARN_INFINITE_RECURSION = YES;
				CLANG_WARN_INT_CONVERSION = YES;
				CLANG_WARN_OBJC_ROOT_CLASS = YES_ERROR;
				CLANG_WARN_SUSPICIOUS_MOVE = YES;
				CLANG_WARN_UNREACHABLE_CODE = YES;
				CLANG_WARN__DUPLICATE_METHOD_MATCH = YES;
				"CODE_SIGN_IDENTITY[sdk=iphoneos*]" = "iPhone Developer";
				COPY_PHASE_STRIP = NO;
				DEBUG_INFORMATION_FORMAT = "dwarf-with-dsym";
				ENABLE_NS_ASSERTIONS = NO;
				ENABLE_STRICT_OBJC_MSGSEND = YES;
				GCC_C_LANGUAGE_STANDARD = gnu99;
				GCC_NO_COMMON_BLOCKS = YES;
				GCC_WARN_64_TO_32_BIT_CONVERSION = YES;
				GCC_WARN_ABOUT_RETURN_TYPE = YES_ERROR;
				GCC_WARN_UNDECLARED_SELECTOR = YES;
				GCC_WARN_UNINITIALIZED_AUTOS = YES_AGGRESSIVE;
				GCC_WARN_UNUSED_FUNCTION = YES;
				GCC_WARN_UNUSED_VARIABLE = YES;
				IPHONEOS_DEPLOYMENT_TARGET = 10.3;
				MTL_ENABLE_DEBUG_INFO = NO;
				SDKROOT = iphoneos;
				SWIFT_OPTIMIZATION_LEVEL = "-Owholemodule";
				VALIDATE_PRODUCT = YES;
			};
			name = Release;
		};
		4CD3C82E1F1CC274003B8A0C /* Debug */ = {
			isa = XCBuildConfiguration;
			buildSettings = {
				ASSETCATALOG_COMPILER_APPICON_NAME = AppIcon;
				DEVELOPMENT_TEAM = CY96495443;
				INFOPLIST_FILE = BowlingGameKata/Info.plist;
				LD_RUNPATH_SEARCH_PATHS = "$(inherited) @executable_path/Frameworks";
				PRODUCT_BUNDLE_IDENTIFIER = ca.charland.BowlingGameKata;
				PRODUCT_NAME = "$(TARGET_NAME)";
				SWIFT_VERSION = 3.0;
			};
			name = Debug;
		};
		4CD3C82F1F1CC274003B8A0C /* Release */ = {
			isa = XCBuildConfiguration;
			buildSettings = {
				ASSETCATALOG_COMPILER_APPICON_NAME = AppIcon;
				DEVELOPMENT_TEAM = CY96495443;
				INFOPLIST_FILE = BowlingGameKata/Info.plist;
				LD_RUNPATH_SEARCH_PATHS = "$(inherited) @executable_path/Frameworks";
				PRODUCT_BUNDLE_IDENTIFIER = ca.charland.BowlingGameKata;
				PRODUCT_NAME = "$(TARGET_NAME)";
				SWIFT_VERSION = 3.0;
			};
			name = Release;
		};
		4CD3C8311F1CC274003B8A0C /* Debug */ = {
			isa = XCBuildConfiguration;
			buildSettings = {
				ALWAYS_EMBED_SWIFT_STANDARD_LIBRARIES = YES;
				BUNDLE_LOADER = "$(TEST_HOST)";
				DEVELOPMENT_TEAM = CY96495443;
				INFOPLIST_FILE = BowlingGameKataTests/Info.plist;
				LD_RUNPATH_SEARCH_PATHS = "$(inherited) @executable_path/Frameworks @loader_path/Frameworks";
				PRODUCT_BUNDLE_IDENTIFIER = ca.charland.BowlingGameKataTests;
				PRODUCT_NAME = "$(TARGET_NAME)";
				SWIFT_VERSION = 3.0;
				TEST_HOST = "$(BUILT_PRODUCTS_DIR)/BowlingGameKata.app/BowlingGameKata";
			};
			name = Debug;
		};
		4CD3C8321F1CC274003B8A0C /* Release */ = {
			isa = XCBuildConfiguration;
			buildSettings = {
				ALWAYS_EMBED_SWIFT_STANDARD_LIBRARIES = YES;
				BUNDLE_LOADER = "$(TEST_HOST)";
				DEVELOPMENT_TEAM = CY96495443;
				INFOPLIST_FILE = BowlingGameKataTests/Info.plist;
				LD_RUNPATH_SEARCH_PATHS = "$(inherited) @executable_path/Frameworks @loader_path/Frameworks";
				PRODUCT_BUNDLE_IDENTIFIER = ca.charland.BowlingGameKataTests;
				PRODUCT_NAME = "$(TARGET_NAME)";
				SWIFT_VERSION = 3.0;
				TEST_HOST = "$(BUILT_PRODUCTS_DIR)/BowlingGameKata.app/BowlingGameKata";
			};
			name = Release;
		};
/* End XCBuildConfiguration section */

/* Begin XCConfigurationList section */
		4CD3C80B1F1CC274003B8A0C /* Build configuration list for PBXProject "BowlingGameKata" */ = {
			isa = XCConfigurationList;
			buildConfigurations = (
				4CD3C82B1F1CC274003B8A0C /* Debug */,
				4CD3C82C1F1CC274003B8A0C /* Release */,
			);
			defaultConfigurationIsVisible = 0;
			defaultConfigurationName = Release;
		};
		4CD3C82D1F1CC274003B8A0C /* Build configuration list for PBXNativeTarget "BowlingGameKata" */ = {
			isa = XCConfigurationList;
			buildConfigurations = (
				4CD3C82E1F1CC274003B8A0C /* Debug */,
				4CD3C82F1F1CC274003B8A0C /* Release */,
			);
			defaultConfigurationIsVisible = 0;
		};
		4CD3C8301F1CC274003B8A0C /* Build configuration list for PBXNativeTarget "BowlingGameKataTests" */ = {
			isa = XCConfigurationList;
			buildConfigurations = (
				4CD3C8311F1CC274003B8A0C /* Debug */,
				4CD3C8321F1CC274003B8A0C /* Release */,
			);
			defaultConfigurationIsVisible = 0;
		};
/* End XCConfigurationList section */
	};
	rootObject = 4CD3C8081F1CC274003B8A0C /* Project object */;
}
